
Microsoft Visual Studio Solution File, Format Version 12.00
# Visual Studio Version 16
VisualStudioVersion = 16.0.30114.105
MinimumVisualStudioVersion = 10.0.40219.1
Project("{FAE04EC0-301F-11D3-BF4B-00C04F79EFBC}") = "QCClient", "QCClient\QCClient.csproj", "{92BE59E4-1B0C-4C0F-86C8-EE744342F57E}"
EndProject
Project("{FAE04EC0-301F-11D3-BF4B-00C04F79EFBC}") = "QCClient.Tests", "QCClient.Tests\QCClient.Tests.csproj", "{42B0B2F9-CEFA-44B8-9839-45BAE07B5EE6}"
EndProject
Global
	GlobalSection(SolutionConfigurationPlatforms) = preSolution
		Debug|Any CPU = Debug|Any CPU
		Debug|x64 = Debug|x64
		Debug|x86 = Debug|x86
		Release|Any CPU = Release|Any CPU
		Release|x64 = Release|x64
		Release|x86 = Release|x86
	EndGlobalSection
	GlobalSection(SolutionProperties) = preSolution
		HideSolutionNode = FALSE
	EndGlobalSection
	GlobalSection(ProjectConfigurationPlatforms) = postSolution
		{92BE59E4-1B0C-4C0F-86C8-EE744342F57E}.Debug|Any CPU.ActiveCfg = Debug|Any CPU
		{92BE59E4-1B0C-4C0F-86C8-EE744342F57E}.Debug|Any CPU.Build.0 = Debug|Any CPU
		{92BE59E4-1B0C-4C0F-86C8-EE744342F57E}.Debug|x64.ActiveCfg = Debug|Any CPU
		{92BE59E4-1B0C-4C0F-86C8-EE744342F57E}.Debug|x64.Build.0 = Debug|Any CPU
		{92BE59E4-1B0C-4C0F-86C8-EE744342F57E}.Debug|x86.ActiveCfg = Debug|Any CPU
		{92BE59E4-1B0C-4C0F-86C8-EE744342F57E}.Debug|x86.Build.0 = Debug|Any CPU
		{92BE59E4-1B0C-4C0F-86C8-EE744342F57E}.Release|Any CPU.ActiveCfg = Release|Any CPU
		{92BE59E4-1B0C-4C0F-86C8-EE744342F57E}.Release|Any CPU.Build.0 = Release|Any CPU
		{92BE59E4-1B0C-4C0F-86C8-EE744342F57E}.Release|x64.ActiveCfg = Release|Any CPU
		{92BE59E4-1B0C-4C0F-86C8-EE744342F57E}.Release|x64.Build.0 = Release|Any CPU
		{92BE59E4-1B0C-4C0F-86C8-EE744342F57E}.Release|x86.ActiveCfg = Release|Any CPU
		{92BE59E4-1B0C-4C0F-86C8-EE744342F57E}.Release|x86.Build.0 = Release|Any CPU
		{42B0B2F9-CEFA-44B8-9839-45BAE07B5EE6}.Debug|Any CPU.ActiveCfg = Debug|Any CPU
		{42B0B2F9-CEFA-44B8-9839-45BAE07B5EE6}.Debug|Any CPU.Build.0 = Debug|Any CPU
		{42B0B2F9-CEFA-44B8-9839-45BAE07B5EE6}.Debug|x64.ActiveCfg = Debug|Any CPU
		{42B0B2F9-CEFA-44B8-9839-45BAE07B5EE6}.Debug|x64.Build.0 = Debug|Any CPU
		{42B0B2F9-CEFA-44B8-9839-45BAE07B5EE6}.Debug|x86.ActiveCfg = Debug|Any CPU
		{42B0B2F9-CEFA-44B8-9839-45BAE07B5EE6}.Debug|x86.Build.0 = Debug|Any CPU
		{42B0B2F9-CEFA-44B8-9839-45BAE07B5EE6}.Release|Any CPU.ActiveCfg = Release|Any CPU
		{42B0B2F9-CEFA-44B8-9839-45BAE07B5EE6}.Release|Any CPU.Build.0 = Release|Any CPU
		{42B0B2F9-CEFA-44B8-9839-45BAE07B5EE6}.Release|x64.ActiveCfg = Release|Any CPU
		{42B0B2F9-CEFA-44B8-9839-45BAE07B5EE6}.Release|x64.Build.0 = Release|Any CPU
		{42B0B2F9-CEFA-44B8-9839-45BAE07B5EE6}.Release|x86.ActiveCfg = Release|Any CPU
		{42B0B2F9-CEFA-44B8-9839-45BAE07B5EE6}.Release|x86.Build.0 = Release|Any CPU
	EndGlobalSection
EndGlobal
