
Microsoft Visual Studio Solution File, Format Version 12.00
# Visual Studio Version 16
VisualStudioVersion = 16.0.30114.105
MinimumVisualStudioVersion = 10.0.40219.1
Project("{2150E333-8FDC-42A3-9474-1A3956D46DE8}") = "BuildingBlocks", "BuildingBlocks", "{F3036168-8137-4956-B5B1-8C3A4206D5F5}"
EndProject
Project("{2150E333-8FDC-42A3-9474-1A3956D46DE8}") = "SINNIKA.EFCore.Initialize", "SINNIKA.EFCore.Initialize", "{5CFCE416-5E9F-4C22-8658-5C4041AEF9DA}"
EndProject
Project("{9A19103F-16F7-4668-BE54-9A1E7A4F7556}") = "SINNIKA.EFCore.Initialize", "BuildingBlocks\SINNIKA.EFCore.Initialize\SINNIKA.EFCore.Initialize\SINNIKA.EFCore.Initialize.csproj", "{84AC0F1C-E3ED-4ABB-BA4F-B15C2D1F9713}"
EndProject
Project("{9A19103F-16F7-4668-BE54-9A1E7A4F7556}") = "SINNIKA.EFCore.Initialize.Tests", "BuildingBlocks\SINNIKA.EFCore.Initialize\SINNIKA.EFCore.Initialize.Tests\SINNIKA.EFCore.Initialize.Tests.csproj", "{3766925A-5C1C-4831-ADA0-52C67240FC8E}"
EndProject
Project("{2150E333-8FDC-42A3-9474-1A3956D46DE8}") = "Services", "Services", "{9A574669-B485-40E0-AE1B-715FFBD74523}"
EndProject
Project("{2150E333-8FDC-42A3-9474-1A3956D46DE8}") = "AuthService", "AuthService", "{6A40926E-E1CE-498A-B21F-F132019D933B}"
EndProject
Project("{9A19103F-16F7-4668-BE54-9A1E7A4F7556}") = "AuthService", "Services\AuthService\AuthService\AuthService.csproj", "{7E3A914F-721D-4B16-80F6-EBE0452368B2}"
EndProject
Project("{9A19103F-16F7-4668-BE54-9A1E7A4F7556}") = "AuthService.Tests", "Services\AuthService\AuthService.Tests\AuthService.Tests.csproj", "{62BB62EC-6006-41D7-A44F-AC95B9E301F8}"
EndProject
Project("{2150E333-8FDC-42A3-9474-1A3956D46DE8}") = "LibraryService", "LibraryService", "{07738FED-1B5B-4E0C-902C-5A384095BDCD}"
EndProject
Project("{9A19103F-16F7-4668-BE54-9A1E7A4F7556}") = "LibraryService", "Services\LibraryService\LibraryService\LibraryService.csproj", "{D4694894-BE1F-472C-9559-41B71D505657}"
EndProject
Project("{9A19103F-16F7-4668-BE54-9A1E7A4F7556}") = "LibraryService.Tests", "Services\LibraryService\LibraryService.Tests\LibraryService.Tests.csproj", "{48085299-20E0-454F-ABAA-3E09DEEF4AF8}"
EndProject
Project("{2150E333-8FDC-42A3-9474-1A3956D46DE8}") = "QCService", "QCService", "{0EF94FD5-BC05-4567-A3DE-D30215B24D3B}"
EndProject
Project("{9A19103F-16F7-4668-BE54-9A1E7A4F7556}") = "QCService", "Services\QCService\QCService\QCService.csproj", "{7D9D1F3E-7A4A-47FB-89AC-ADB6AA9CC32F}"
EndProject
Project("{9A19103F-16F7-4668-BE54-9A1E7A4F7556}") = "QCService.Tests", "Services\QCService\QCService.Tests\QCService.Tests.csproj", "{27DA7F9E-61D5-4192-B259-AF01C6F65945}"
EndProject
Project("{2150E333-8FDC-42A3-9474-1A3956D46DE8}") = "WebClients", "WebClients", "{F74DF8F2-6C2A-4FC7-800E-3C12D955888B}"
EndProject
Project("{2150E333-8FDC-42A3-9474-1A3956D46DE8}") = "QClient", "QClient", "{228818FD-E9C0-429A-9829-3ED3F822695F}"
EndProject
Project("{9A19103F-16F7-4668-BE54-9A1E7A4F7556}") = "QCClient", "WebClients\QClient\QCClient\QCClient.csproj", "{6986CDF2-9CA7-42C8-9D6B-C8BAD86E97EE}"
EndProject
Project("{9A19103F-16F7-4668-BE54-9A1E7A4F7556}") = "QCClient.Tests", "WebClients\QClient\QCClient.Tests\QCClient.Tests.csproj", "{F8FE649E-D085-471B-9B92-47B1F569B3B9}"
EndProject
Project("{2150E333-8FDC-42A3-9474-1A3956D46DE8}") = "SINNIKA.Cipher", "SINNIKA.Cipher", "{78356DEC-A3A9-4A24-87EA-617EBD1CCE80}"
EndProject
Project("{FAE04EC0-301F-11D3-BF4B-00C04F79EFBC}") = "SINNIKA.Cipher", "BuildingBlocks\SINNIKA.Cipher\SINNIKA.Cipher\SINNIKA.Cipher.csproj", "{84B13141-BF74-4CFD-A6DC-0730CF3C8F8D}"
EndProject
Project("{FAE04EC0-301F-11D3-BF4B-00C04F79EFBC}") = "SINNIKA.Cipher.Tool", "BuildingBlocks\SINNIKA.Cipher\SINNIKA.Cipher.Tool\SINNIKA.Cipher.Tool.csproj", "{CFAC647A-6781-47B3-8A5D-B2A6669252D4}"
EndProject
Project("{2150E333-8FDC-42A3-9474-1A3956D46DE8}") = "ApiGateWay", "ApiGateWay", "{C684A5CD-E710-44D1-BB88-FA3E0FDFF50E}"
EndProject
Project("{FAE04EC0-301F-11D3-BF4B-00C04F79EFBC}") = "ApiGateWay", "ApiGateWay\ApiGateWay\ApiGateWay.csproj", "{639E0DFB-518A-4793-8168-F076DD2BF73A}"
EndProject
Project("{FAE04EC0-301F-11D3-BF4B-00C04F79EFBC}") = "IdentityService", "Services\AuthService\IdentityService\IdentityService.csproj", "{B8D04D09-FA42-4D6E-94B6-D347D4CCEE66}"
EndProject
Project("{FAE04EC0-301F-11D3-BF4B-00C04F79EFBC}") = "IdentityProvider", "Services\AuthService\IdentityProvider\IdentityProvider.csproj", "{0739A1E0-2ED2-40BB-A97B-B238F090F6D5}"
EndProject
Global
	GlobalSection(SolutionConfigurationPlatforms) = preSolution
		Debug|Any CPU = Debug|Any CPU
		Debug|x64 = Debug|x64
		Debug|x86 = Debug|x86
		Release|Any CPU = Release|Any CPU
		Release|x64 = Release|x64
		Release|x86 = Release|x86
	EndGlobalSection
	GlobalSection(ProjectConfigurationPlatforms) = postSolution
		{84AC0F1C-E3ED-4ABB-BA4F-B15C2D1F9713}.Debug|Any CPU.ActiveCfg = Debug|Any CPU
		{84AC0F1C-E3ED-4ABB-BA4F-B15C2D1F9713}.Debug|Any CPU.Build.0 = Debug|Any CPU
		{84AC0F1C-E3ED-4ABB-BA4F-B15C2D1F9713}.Debug|x64.ActiveCfg = Debug|Any CPU
		{84AC0F1C-E3ED-4ABB-BA4F-B15C2D1F9713}.Debug|x64.Build.0 = Debug|Any CPU
		{84AC0F1C-E3ED-4ABB-BA4F-B15C2D1F9713}.Debug|x86.ActiveCfg = Debug|Any CPU
		{84AC0F1C-E3ED-4ABB-BA4F-B15C2D1F9713}.Debug|x86.Build.0 = Debug|Any CPU
		{84AC0F1C-E3ED-4ABB-BA4F-B15C2D1F9713}.Release|Any CPU.ActiveCfg = Release|Any CPU
		{84AC0F1C-E3ED-4ABB-BA4F-B15C2D1F9713}.Release|Any CPU.Build.0 = Release|Any CPU
		{84AC0F1C-E3ED-4ABB-BA4F-B15C2D1F9713}.Release|x64.ActiveCfg = Release|Any CPU
		{84AC0F1C-E3ED-4ABB-BA4F-B15C2D1F9713}.Release|x64.Build.0 = Release|Any CPU
		{84AC0F1C-E3ED-4ABB-BA4F-B15C2D1F9713}.Release|x86.ActiveCfg = Release|Any CPU
		{84AC0F1C-E3ED-4ABB-BA4F-B15C2D1F9713}.Release|x86.Build.0 = Release|Any CPU
		{3766925A-5C1C-4831-ADA0-52C67240FC8E}.Debug|Any CPU.ActiveCfg = Debug|Any CPU
		{3766925A-5C1C-4831-ADA0-52C67240FC8E}.Debug|Any CPU.Build.0 = Debug|Any CPU
		{3766925A-5C1C-4831-ADA0-52C67240FC8E}.Debug|x64.ActiveCfg = Debug|Any CPU
		{3766925A-5C1C-4831-ADA0-52C67240FC8E}.Debug|x64.Build.0 = Debug|Any CPU
		{3766925A-5C1C-4831-ADA0-52C67240FC8E}.Debug|x86.ActiveCfg = Debug|Any CPU
		{3766925A-5C1C-4831-ADA0-52C67240FC8E}.Debug|x86.Build.0 = Debug|Any CPU
		{3766925A-5C1C-4831-ADA0-52C67240FC8E}.Release|Any CPU.ActiveCfg = Release|Any CPU
		{3766925A-5C1C-4831-ADA0-52C67240FC8E}.Release|Any CPU.Build.0 = Release|Any CPU
		{3766925A-5C1C-4831-ADA0-52C67240FC8E}.Release|x64.ActiveCfg = Release|Any CPU
		{3766925A-5C1C-4831-ADA0-52C67240FC8E}.Release|x64.Build.0 = Release|Any CPU
		{3766925A-5C1C-4831-ADA0-52C67240FC8E}.Release|x86.ActiveCfg = Release|Any CPU
		{3766925A-5C1C-4831-ADA0-52C67240FC8E}.Release|x86.Build.0 = Release|Any CPU
		{7E3A914F-721D-4B16-80F6-EBE0452368B2}.Debug|Any CPU.ActiveCfg = Debug|Any CPU
		{7E3A914F-721D-4B16-80F6-EBE0452368B2}.Debug|Any CPU.Build.0 = Debug|Any CPU
		{7E3A914F-721D-4B16-80F6-EBE0452368B2}.Debug|x64.ActiveCfg = Debug|Any CPU
		{7E3A914F-721D-4B16-80F6-EBE0452368B2}.Debug|x64.Build.0 = Debug|Any CPU
		{7E3A914F-721D-4B16-80F6-EBE0452368B2}.Debug|x86.ActiveCfg = Debug|Any CPU
		{7E3A914F-721D-4B16-80F6-EBE0452368B2}.Debug|x86.Build.0 = Debug|Any CPU
		{7E3A914F-721D-4B16-80F6-EBE0452368B2}.Release|Any CPU.ActiveCfg = Release|Any CPU
		{7E3A914F-721D-4B16-80F6-EBE0452368B2}.Release|Any CPU.Build.0 = Release|Any CPU
		{7E3A914F-721D-4B16-80F6-EBE0452368B2}.Release|x64.ActiveCfg = Release|Any CPU
		{7E3A914F-721D-4B16-80F6-EBE0452368B2}.Release|x64.Build.0 = Release|Any CPU
		{7E3A914F-721D-4B16-80F6-EBE0452368B2}.Release|x86.ActiveCfg = Release|Any CPU
		{7E3A914F-721D-4B16-80F6-EBE0452368B2}.Release|x86.Build.0 = Release|Any CPU
		{62BB62EC-6006-41D7-A44F-AC95B9E301F8}.Debug|Any CPU.ActiveCfg = Debug|Any CPU
		{62BB62EC-6006-41D7-A44F-AC95B9E301F8}.Debug|Any CPU.Build.0 = Debug|Any CPU
		{62BB62EC-6006-41D7-A44F-AC95B9E301F8}.Debug|x64.ActiveCfg = Debug|Any CPU
		{62BB62EC-6006-41D7-A44F-AC95B9E301F8}.Debug|x64.Build.0 = Debug|Any CPU
		{62BB62EC-6006-41D7-A44F-AC95B9E301F8}.Debug|x86.ActiveCfg = Debug|Any CPU
		{62BB62EC-6006-41D7-A44F-AC95B9E301F8}.Debug|x86.Build.0 = Debug|Any CPU
		{62BB62EC-6006-41D7-A44F-AC95B9E301F8}.Release|Any CPU.ActiveCfg = Release|Any CPU
		{62BB62EC-6006-41D7-A44F-AC95B9E301F8}.Release|Any CPU.Build.0 = Release|Any CPU
		{62BB62EC-6006-41D7-A44F-AC95B9E301F8}.Release|x64.ActiveCfg = Release|Any CPU
		{62BB62EC-6006-41D7-A44F-AC95B9E301F8}.Release|x64.Build.0 = Release|Any CPU
		{62BB62EC-6006-41D7-A44F-AC95B9E301F8}.Release|x86.ActiveCfg = Release|Any CPU
		{62BB62EC-6006-41D7-A44F-AC95B9E301F8}.Release|x86.Build.0 = Release|Any CPU
		{D4694894-BE1F-472C-9559-41B71D505657}.Debug|Any CPU.ActiveCfg = Debug|Any CPU
		{D4694894-BE1F-472C-9559-41B71D505657}.Debug|Any CPU.Build.0 = Debug|Any CPU
		{D4694894-BE1F-472C-9559-41B71D505657}.Debug|x64.ActiveCfg = Debug|Any CPU
		{D4694894-BE1F-472C-9559-41B71D505657}.Debug|x64.Build.0 = Debug|Any CPU
		{D4694894-BE1F-472C-9559-41B71D505657}.Debug|x86.ActiveCfg = Debug|Any CPU
		{D4694894-BE1F-472C-9559-41B71D505657}.Debug|x86.Build.0 = Debug|Any CPU
		{D4694894-BE1F-472C-9559-41B71D505657}.Release|Any CPU.ActiveCfg = Release|Any CPU
		{D4694894-BE1F-472C-9559-41B71D505657}.Release|Any CPU.Build.0 = Release|Any CPU
		{D4694894-BE1F-472C-9559-41B71D505657}.Release|x64.ActiveCfg = Release|Any CPU
		{D4694894-BE1F-472C-9559-41B71D505657}.Release|x64.Build.0 = Release|Any CPU
		{D4694894-BE1F-472C-9559-41B71D505657}.Release|x86.ActiveCfg = Release|Any CPU
		{D4694894-BE1F-472C-9559-41B71D505657}.Release|x86.Build.0 = Release|Any CPU
		{48085299-20E0-454F-ABAA-3E09DEEF4AF8}.Debug|Any CPU.ActiveCfg = Debug|Any CPU
		{48085299-20E0-454F-ABAA-3E09DEEF4AF8}.Debug|Any CPU.Build.0 = Debug|Any CPU
		{48085299-20E0-454F-ABAA-3E09DEEF4AF8}.Debug|x64.ActiveCfg = Debug|Any CPU
		{48085299-20E0-454F-ABAA-3E09DEEF4AF8}.Debug|x64.Build.0 = Debug|Any CPU
		{48085299-20E0-454F-ABAA-3E09DEEF4AF8}.Debug|x86.ActiveCfg = Debug|Any CPU
		{48085299-20E0-454F-ABAA-3E09DEEF4AF8}.Debug|x86.Build.0 = Debug|Any CPU
		{48085299-20E0-454F-ABAA-3E09DEEF4AF8}.Release|Any CPU.ActiveCfg = Release|Any CPU
		{48085299-20E0-454F-ABAA-3E09DEEF4AF8}.Release|Any CPU.Build.0 = Release|Any CPU
		{48085299-20E0-454F-ABAA-3E09DEEF4AF8}.Release|x64.ActiveCfg = Release|Any CPU
		{48085299-20E0-454F-ABAA-3E09DEEF4AF8}.Release|x64.Build.0 = Release|Any CPU
		{48085299-20E0-454F-ABAA-3E09DEEF4AF8}.Release|x86.ActiveCfg = Release|Any CPU
		{48085299-20E0-454F-ABAA-3E09DEEF4AF8}.Release|x86.Build.0 = Release|Any CPU
		{7D9D1F3E-7A4A-47FB-89AC-ADB6AA9CC32F}.Debug|Any CPU.ActiveCfg = Debug|Any CPU
		{7D9D1F3E-7A4A-47FB-89AC-ADB6AA9CC32F}.Debug|Any CPU.Build.0 = Debug|Any CPU
		{7D9D1F3E-7A4A-47FB-89AC-ADB6AA9CC32F}.Debug|x64.ActiveCfg = Debug|Any CPU
		{7D9D1F3E-7A4A-47FB-89AC-ADB6AA9CC32F}.Debug|x64.Build.0 = Debug|Any CPU
		{7D9D1F3E-7A4A-47FB-89AC-ADB6AA9CC32F}.Debug|x86.ActiveCfg = Debug|Any CPU
		{7D9D1F3E-7A4A-47FB-89AC-ADB6AA9CC32F}.Debug|x86.Build.0 = Debug|Any CPU
		{7D9D1F3E-7A4A-47FB-89AC-ADB6AA9CC32F}.Release|Any CPU.ActiveCfg = Release|Any CPU
		{7D9D1F3E-7A4A-47FB-89AC-ADB6AA9CC32F}.Release|Any CPU.Build.0 = Release|Any CPU
		{7D9D1F3E-7A4A-47FB-89AC-ADB6AA9CC32F}.Release|x64.ActiveCfg = Release|Any CPU
		{7D9D1F3E-7A4A-47FB-89AC-ADB6AA9CC32F}.Release|x64.Build.0 = Release|Any CPU
		{7D9D1F3E-7A4A-47FB-89AC-ADB6AA9CC32F}.Release|x86.ActiveCfg = Release|Any CPU
		{7D9D1F3E-7A4A-47FB-89AC-ADB6AA9CC32F}.Release|x86.Build.0 = Release|Any CPU
		{27DA7F9E-61D5-4192-B259-AF01C6F65945}.Debug|Any CPU.ActiveCfg = Debug|Any CPU
		{27DA7F9E-61D5-4192-B259-AF01C6F65945}.Debug|Any CPU.Build.0 = Debug|Any CPU
		{27DA7F9E-61D5-4192-B259-AF01C6F65945}.Debug|x64.ActiveCfg = Debug|Any CPU
		{27DA7F9E-61D5-4192-B259-AF01C6F65945}.Debug|x64.Build.0 = Debug|Any CPU
		{27DA7F9E-61D5-4192-B259-AF01C6F65945}.Debug|x86.ActiveCfg = Debug|Any CPU
		{27DA7F9E-61D5-4192-B259-AF01C6F65945}.Debug|x86.Build.0 = Debug|Any CPU
		{27DA7F9E-61D5-4192-B259-AF01C6F65945}.Release|Any CPU.ActiveCfg = Release|Any CPU
		{27DA7F9E-61D5-4192-B259-AF01C6F65945}.Release|Any CPU.Build.0 = Release|Any CPU
		{27DA7F9E-61D5-4192-B259-AF01C6F65945}.Release|x64.ActiveCfg = Release|Any CPU
		{27DA7F9E-61D5-4192-B259-AF01C6F65945}.Release|x64.Build.0 = Release|Any CPU
		{27DA7F9E-61D5-4192-B259-AF01C6F65945}.Release|x86.ActiveCfg = Release|Any CPU
		{27DA7F9E-61D5-4192-B259-AF01C6F65945}.Release|x86.Build.0 = Release|Any CPU
		{6986CDF2-9CA7-42C8-9D6B-C8BAD86E97EE}.Debug|Any CPU.ActiveCfg = Debug|Any CPU
		{6986CDF2-9CA7-42C8-9D6B-C8BAD86E97EE}.Debug|Any CPU.Build.0 = Debug|Any CPU
		{6986CDF2-9CA7-42C8-9D6B-C8BAD86E97EE}.Debug|x64.ActiveCfg = Debug|Any CPU
		{6986CDF2-9CA7-42C8-9D6B-C8BAD86E97EE}.Debug|x64.Build.0 = Debug|Any CPU
		{6986CDF2-9CA7-42C8-9D6B-C8BAD86E97EE}.Debug|x86.ActiveCfg = Debug|Any CPU
		{6986CDF2-9CA7-42C8-9D6B-C8BAD86E97EE}.Debug|x86.Build.0 = Debug|Any CPU
		{6986CDF2-9CA7-42C8-9D6B-C8BAD86E97EE}.Release|Any CPU.ActiveCfg = Release|Any CPU
		{6986CDF2-9CA7-42C8-9D6B-C8BAD86E97EE}.Release|Any CPU.Build.0 = Release|Any CPU
		{6986CDF2-9CA7-42C8-9D6B-C8BAD86E97EE}.Release|x64.ActiveCfg = Release|Any CPU
		{6986CDF2-9CA7-42C8-9D6B-C8BAD86E97EE}.Release|x64.Build.0 = Release|Any CPU
		{6986CDF2-9CA7-42C8-9D6B-C8BAD86E97EE}.Release|x86.ActiveCfg = Release|Any CPU
		{6986CDF2-9CA7-42C8-9D6B-C8BAD86E97EE}.Release|x86.Build.0 = Release|Any CPU
		{F8FE649E-D085-471B-9B92-47B1F569B3B9}.Debug|Any CPU.ActiveCfg = Debug|Any CPU
		{F8FE649E-D085-471B-9B92-47B1F569B3B9}.Debug|Any CPU.Build.0 = Debug|Any CPU
		{F8FE649E-D085-471B-9B92-47B1F569B3B9}.Debug|x64.ActiveCfg = Debug|Any CPU
		{F8FE649E-D085-471B-9B92-47B1F569B3B9}.Debug|x64.Build.0 = Debug|Any CPU
		{F8FE649E-D085-471B-9B92-47B1F569B3B9}.Debug|x86.ActiveCfg = Debug|Any CPU
		{F8FE649E-D085-471B-9B92-47B1F569B3B9}.Debug|x86.Build.0 = Debug|Any CPU
		{F8FE649E-D085-471B-9B92-47B1F569B3B9}.Release|Any CPU.ActiveCfg = Release|Any CPU
		{F8FE649E-D085-471B-9B92-47B1F569B3B9}.Release|Any CPU.Build.0 = Release|Any CPU
		{F8FE649E-D085-471B-9B92-47B1F569B3B9}.Release|x64.ActiveCfg = Release|Any CPU
		{F8FE649E-D085-471B-9B92-47B1F569B3B9}.Release|x64.Build.0 = Release|Any CPU
		{F8FE649E-D085-471B-9B92-47B1F569B3B9}.Release|x86.ActiveCfg = Release|Any CPU
		{F8FE649E-D085-471B-9B92-47B1F569B3B9}.Release|x86.Build.0 = Release|Any CPU
		{84B13141-BF74-4CFD-A6DC-0730CF3C8F8D}.Debug|Any CPU.ActiveCfg = Debug|Any CPU
		{84B13141-BF74-4CFD-A6DC-0730CF3C8F8D}.Debug|Any CPU.Build.0 = Debug|Any CPU
		{84B13141-BF74-4CFD-A6DC-0730CF3C8F8D}.Debug|x64.ActiveCfg = Debug|Any CPU
		{84B13141-BF74-4CFD-A6DC-0730CF3C8F8D}.Debug|x64.Build.0 = Debug|Any CPU
		{84B13141-BF74-4CFD-A6DC-0730CF3C8F8D}.Debug|x86.ActiveCfg = Debug|Any CPU
		{84B13141-BF74-4CFD-A6DC-0730CF3C8F8D}.Debug|x86.Build.0 = Debug|Any CPU
		{84B13141-BF74-4CFD-A6DC-0730CF3C8F8D}.Release|Any CPU.ActiveCfg = Release|Any CPU
		{84B13141-BF74-4CFD-A6DC-0730CF3C8F8D}.Release|Any CPU.Build.0 = Release|Any CPU
		{84B13141-BF74-4CFD-A6DC-0730CF3C8F8D}.Release|x64.ActiveCfg = Release|Any CPU
		{84B13141-BF74-4CFD-A6DC-0730CF3C8F8D}.Release|x64.Build.0 = Release|Any CPU
		{84B13141-BF74-4CFD-A6DC-0730CF3C8F8D}.Release|x86.ActiveCfg = Release|Any CPU
		{84B13141-BF74-4CFD-A6DC-0730CF3C8F8D}.Release|x86.Build.0 = Release|Any CPU
		{CFAC647A-6781-47B3-8A5D-B2A6669252D4}.Debug|Any CPU.ActiveCfg = Debug|Any CPU
		{CFAC647A-6781-47B3-8A5D-B2A6669252D4}.Debug|Any CPU.Build.0 = Debug|Any CPU
		{CFAC647A-6781-47B3-8A5D-B2A6669252D4}.Debug|x64.ActiveCfg = Debug|Any CPU
		{CFAC647A-6781-47B3-8A5D-B2A6669252D4}.Debug|x64.Build.0 = Debug|Any CPU
		{CFAC647A-6781-47B3-8A5D-B2A6669252D4}.Debug|x86.ActiveCfg = Debug|Any CPU
		{CFAC647A-6781-47B3-8A5D-B2A6669252D4}.Debug|x86.Build.0 = Debug|Any CPU
		{CFAC647A-6781-47B3-8A5D-B2A6669252D4}.Release|Any CPU.ActiveCfg = Release|Any CPU
		{CFAC647A-6781-47B3-8A5D-B2A6669252D4}.Release|Any CPU.Build.0 = Release|Any CPU
		{CFAC647A-6781-47B3-8A5D-B2A6669252D4}.Release|x64.ActiveCfg = Release|Any CPU
		{CFAC647A-6781-47B3-8A5D-B2A6669252D4}.Release|x64.Build.0 = Release|Any CPU
		{CFAC647A-6781-47B3-8A5D-B2A6669252D4}.Release|x86.ActiveCfg = Release|Any CPU
		{CFAC647A-6781-47B3-8A5D-B2A6669252D4}.Release|x86.Build.0 = Release|Any CPU
		{639E0DFB-518A-4793-8168-F076DD2BF73A}.Debug|Any CPU.ActiveCfg = Debug|Any CPU
		{639E0DFB-518A-4793-8168-F076DD2BF73A}.Debug|Any CPU.Build.0 = Debug|Any CPU
		{639E0DFB-518A-4793-8168-F076DD2BF73A}.Debug|x64.ActiveCfg = Debug|Any CPU
		{639E0DFB-518A-4793-8168-F076DD2BF73A}.Debug|x64.Build.0 = Debug|Any CPU
		{639E0DFB-518A-4793-8168-F076DD2BF73A}.Debug|x86.ActiveCfg = Debug|Any CPU
		{639E0DFB-518A-4793-8168-F076DD2BF73A}.Debug|x86.Build.0 = Debug|Any CPU
		{639E0DFB-518A-4793-8168-F076DD2BF73A}.Release|Any CPU.ActiveCfg = Release|Any CPU
		{639E0DFB-518A-4793-8168-F076DD2BF73A}.Release|Any CPU.Build.0 = Release|Any CPU
		{639E0DFB-518A-4793-8168-F076DD2BF73A}.Release|x64.ActiveCfg = Release|Any CPU
		{639E0DFB-518A-4793-8168-F076DD2BF73A}.Release|x64.Build.0 = Release|Any CPU
		{639E0DFB-518A-4793-8168-F076DD2BF73A}.Release|x86.ActiveCfg = Release|Any CPU
		{639E0DFB-518A-4793-8168-F076DD2BF73A}.Release|x86.Build.0 = Release|Any CPU
		{B8D04D09-FA42-4D6E-94B6-D347D4CCEE66}.Debug|Any CPU.ActiveCfg = Debug|Any CPU
		{B8D04D09-FA42-4D6E-94B6-D347D4CCEE66}.Debug|Any CPU.Build.0 = Debug|Any CPU
		{B8D04D09-FA42-4D6E-94B6-D347D4CCEE66}.Debug|x64.ActiveCfg = Debug|Any CPU
		{B8D04D09-FA42-4D6E-94B6-D347D4CCEE66}.Debug|x64.Build.0 = Debug|Any CPU
		{B8D04D09-FA42-4D6E-94B6-D347D4CCEE66}.Debug|x86.ActiveCfg = Debug|Any CPU
		{B8D04D09-FA42-4D6E-94B6-D347D4CCEE66}.Debug|x86.Build.0 = Debug|Any CPU
		{B8D04D09-FA42-4D6E-94B6-D347D4CCEE66}.Release|Any CPU.ActiveCfg = Release|Any CPU
		{B8D04D09-FA42-4D6E-94B6-D347D4CCEE66}.Release|Any CPU.Build.0 = Release|Any CPU
		{B8D04D09-FA42-4D6E-94B6-D347D4CCEE66}.Release|x64.ActiveCfg = Release|Any CPU
		{B8D04D09-FA42-4D6E-94B6-D347D4CCEE66}.Release|x64.Build.0 = Release|Any CPU
		{B8D04D09-FA42-4D6E-94B6-D347D4CCEE66}.Release|x86.ActiveCfg = Release|Any CPU
		{B8D04D09-FA42-4D6E-94B6-D347D4CCEE66}.Release|x86.Build.0 = Release|Any CPU
		{0739A1E0-2ED2-40BB-A97B-B238F090F6D5}.Debug|Any CPU.ActiveCfg = Debug|Any CPU
		{0739A1E0-2ED2-40BB-A97B-B238F090F6D5}.Debug|Any CPU.Build.0 = Debug|Any CPU
		{0739A1E0-2ED2-40BB-A97B-B238F090F6D5}.Debug|x64.ActiveCfg = Debug|Any CPU
		{0739A1E0-2ED2-40BB-A97B-B238F090F6D5}.Debug|x64.Build.0 = Debug|Any CPU
		{0739A1E0-2ED2-40BB-A97B-B238F090F6D5}.Debug|x86.ActiveCfg = Debug|Any CPU
		{0739A1E0-2ED2-40BB-A97B-B238F090F6D5}.Debug|x86.Build.0 = Debug|Any CPU
		{0739A1E0-2ED2-40BB-A97B-B238F090F6D5}.Release|Any CPU.ActiveCfg = Release|Any CPU
		{0739A1E0-2ED2-40BB-A97B-B238F090F6D5}.Release|Any CPU.Build.0 = Release|Any CPU
		{0739A1E0-2ED2-40BB-A97B-B238F090F6D5}.Release|x64.ActiveCfg = Release|Any CPU
		{0739A1E0-2ED2-40BB-A97B-B238F090F6D5}.Release|x64.Build.0 = Release|Any CPU
		{0739A1E0-2ED2-40BB-A97B-B238F090F6D5}.Release|x86.ActiveCfg = Release|Any CPU
		{0739A1E0-2ED2-40BB-A97B-B238F090F6D5}.Release|x86.Build.0 = Release|Any CPU
	EndGlobalSection
	GlobalSection(SolutionProperties) = preSolution
		HideSolutionNode = FALSE
	EndGlobalSection
	GlobalSection(NestedProjects) = preSolution
		{5CFCE416-5E9F-4C22-8658-5C4041AEF9DA} = {F3036168-8137-4956-B5B1-8C3A4206D5F5}
		{84AC0F1C-E3ED-4ABB-BA4F-B15C2D1F9713} = {5CFCE416-5E9F-4C22-8658-5C4041AEF9DA}
		{3766925A-5C1C-4831-ADA0-52C67240FC8E} = {5CFCE416-5E9F-4C22-8658-5C4041AEF9DA}
		{6A40926E-E1CE-498A-B21F-F132019D933B} = {9A574669-B485-40E0-AE1B-715FFBD74523}
		{7E3A914F-721D-4B16-80F6-EBE0452368B2} = {6A40926E-E1CE-498A-B21F-F132019D933B}
		{62BB62EC-6006-41D7-A44F-AC95B9E301F8} = {6A40926E-E1CE-498A-B21F-F132019D933B}
		{07738FED-1B5B-4E0C-902C-5A384095BDCD} = {9A574669-B485-40E0-AE1B-715FFBD74523}
		{D4694894-BE1F-472C-9559-41B71D505657} = {07738FED-1B5B-4E0C-902C-5A384095BDCD}
		{48085299-20E0-454F-ABAA-3E09DEEF4AF8} = {07738FED-1B5B-4E0C-902C-5A384095BDCD}
		{0EF94FD5-BC05-4567-A3DE-D30215B24D3B} = {9A574669-B485-40E0-AE1B-715FFBD74523}
		{7D9D1F3E-7A4A-47FB-89AC-ADB6AA9CC32F} = {0EF94FD5-BC05-4567-A3DE-D30215B24D3B}
		{27DA7F9E-61D5-4192-B259-AF01C6F65945} = {0EF94FD5-BC05-4567-A3DE-D30215B24D3B}
		{228818FD-E9C0-429A-9829-3ED3F822695F} = {F74DF8F2-6C2A-4FC7-800E-3C12D955888B}
		{6986CDF2-9CA7-42C8-9D6B-C8BAD86E97EE} = {228818FD-E9C0-429A-9829-3ED3F822695F}
		{F8FE649E-D085-471B-9B92-47B1F569B3B9} = {228818FD-E9C0-429A-9829-3ED3F822695F}
		{78356DEC-A3A9-4A24-87EA-617EBD1CCE80} = {F3036168-8137-4956-B5B1-8C3A4206D5F5}
		{84B13141-BF74-4CFD-A6DC-0730CF3C8F8D} = {78356DEC-A3A9-4A24-87EA-617EBD1CCE80}
		{CFAC647A-6781-47B3-8A5D-B2A6669252D4} = {78356DEC-A3A9-4A24-87EA-617EBD1CCE80}
		{639E0DFB-518A-4793-8168-F076DD2BF73A} = {C684A5CD-E710-44D1-BB88-FA3E0FDFF50E}
		{B8D04D09-FA42-4D6E-94B6-D347D4CCEE66} = {6A40926E-E1CE-498A-B21F-F132019D933B}
		{0739A1E0-2ED2-40BB-A97B-B238F090F6D5} = {6A40926E-E1CE-498A-B21F-F132019D933B}
	EndGlobalSection
	GlobalSection(ExtensibilityGlobals) = postSolution
		SolutionGuid = {37C558BC-A255-4EF1-AFB4-2761E974618E}
	EndGlobalSection
EndGlobal
