
Microsoft Visual Studio Solution File, Format Version 12.00
# Visual Studio Version 16
VisualStudioVersion = 16.0.30114.105
MinimumVisualStudioVersion = 10.0.40219.1
Project("{FAE04EC0-301F-11D3-BF4B-00C04F79EFBC}") = "LibraryService", "LibraryService\LibraryService.csproj", "{63A7593A-1770-4497-B696-3EA023562F0A}"
EndProject
Project("{FAE04EC0-301F-11D3-BF4B-00C04F79EFBC}") = "LibraryService.Tests", "LibraryService.Tests\LibraryService.Tests.csproj", "{B88FB89D-803A-40F9-A617-E060C886F36D}"
EndProject
Global
	GlobalSection(SolutionConfigurationPlatforms) = preSolution
		Debug|Any CPU = Debug|Any CPU
		Debug|x64 = Debug|x64
		Debug|x86 = Debug|x86
		Release|Any CPU = Release|Any CPU
		Release|x64 = Release|x64
		Release|x86 = Release|x86
	EndGlobalSection
	GlobalSection(SolutionProperties) = preSolution
		HideSolutionNode = FALSE
	EndGlobalSection
	GlobalSection(ProjectConfigurationPlatforms) = postSolution
		{63A7593A-1770-4497-B696-3EA023562F0A}.Debug|Any CPU.ActiveCfg = Debug|Any CPU
		{63A7593A-1770-4497-B696-3EA023562F0A}.Debug|Any CPU.Build.0 = Debug|Any CPU
		{63A7593A-1770-4497-B696-3EA023562F0A}.Debug|x64.ActiveCfg = Debug|Any CPU
		{63A7593A-1770-4497-B696-3EA023562F0A}.Debug|x64.Build.0 = Debug|Any CPU
		{63A7593A-1770-4497-B696-3EA023562F0A}.Debug|x86.ActiveCfg = Debug|Any CPU
		{63A7593A-1770-4497-B696-3EA023562F0A}.Debug|x86.Build.0 = Debug|Any CPU
		{63A7593A-1770-4497-B696-3EA023562F0A}.Release|Any CPU.ActiveCfg = Release|Any CPU
		{63A7593A-1770-4497-B696-3EA023562F0A}.Release|Any CPU.Build.0 = Release|Any CPU
		{63A7593A-1770-4497-B696-3EA023562F0A}.Release|x64.ActiveCfg = Release|Any CPU
		{63A7593A-1770-4497-B696-3EA023562F0A}.Release|x64.Build.0 = Release|Any CPU
		{63A7593A-1770-4497-B696-3EA023562F0A}.Release|x86.ActiveCfg = Release|Any CPU
		{63A7593A-1770-4497-B696-3EA023562F0A}.Release|x86.Build.0 = Release|Any CPU
		{B88FB89D-803A-40F9-A617-E060C886F36D}.Debug|Any CPU.ActiveCfg = Debug|Any CPU
		{B88FB89D-803A-40F9-A617-E060C886F36D}.Debug|Any CPU.Build.0 = Debug|Any CPU
		{B88FB89D-803A-40F9-A617-E060C886F36D}.Debug|x64.ActiveCfg = Debug|Any CPU
		{B88FB89D-803A-40F9-A617-E060C886F36D}.Debug|x64.Build.0 = Debug|Any CPU
		{B88FB89D-803A-40F9-A617-E060C886F36D}.Debug|x86.ActiveCfg = Debug|Any CPU
		{B88FB89D-803A-40F9-A617-E060C886F36D}.Debug|x86.Build.0 = Debug|Any CPU
		{B88FB89D-803A-40F9-A617-E060C886F36D}.Release|Any CPU.ActiveCfg = Release|Any CPU
		{B88FB89D-803A-40F9-A617-E060C886F36D}.Release|Any CPU.Build.0 = Release|Any CPU
		{B88FB89D-803A-40F9-A617-E060C886F36D}.Release|x64.ActiveCfg = Release|Any CPU
		{B88FB89D-803A-40F9-A617-E060C886F36D}.Release|x64.Build.0 = Release|Any CPU
		{B88FB89D-803A-40F9-A617-E060C886F36D}.Release|x86.ActiveCfg = Release|Any CPU
		{B88FB89D-803A-40F9-A617-E060C886F36D}.Release|x86.Build.0 = Release|Any CPU
	EndGlobalSection
EndGlobal
